// !$*UTF8*$!
{
	archiveVersion = 1;
	classes = {
	};
	objectVersion = 46;
	objects = {

/* Begin PBXBuildFile section */
		6433053D1E5E644C00F21708 /* AppDelegate.swift in Sources */ = {isa = PBXBuildFile; fileRef = 6433053C1E5E644C00F21708 /* AppDelegate.swift */; };
		6433053F1E5E644C00F21708 /* ViewController.swift in Sources */ = {isa = PBXBuildFile; fileRef = 6433053E1E5E644C00F21708 /* ViewController.swift */; };
		643305421E5E644C00F21708 /* Main.storyboard in Resources */ = {isa = PBXBuildFile; fileRef = 643305401E5E644C00F21708 /* Main.storyboard */; };
		643305441E5E644C00F21708 /* Assets.xcassets in Resources */ = {isa = PBXBuildFile; fileRef = 643305431E5E644C00F21708 /* Assets.xcassets */; };
		643305471E5E644C00F21708 /* LaunchScreen.storyboard in Resources */ = {isa = PBXBuildFile; fileRef = 643305451E5E644C00F21708 /* LaunchScreen.storyboard */; };
		64567AC11E930FD5005956E1 /* User.swift in Sources */ = {isa = PBXBuildFile; fileRef = 64567AC01E930FD5005956E1 /* User.swift */; };
		64567AC31E93113C005956E1 /* Database.swift in Sources */ = {isa = PBXBuildFile; fileRef = 64567AC21E93113C005956E1 /* Database.swift */; };
		E3D5D841835FCA73E7E76E52 /* Pods_WiFi_Password_Database.framework in Frameworks */ = {isa = PBXBuildFile; fileRef = 828D6131EFF7DE40B48511DD /* Pods_WiFi_Password_Database.framework */; };
/* End PBXBuildFile section */

/* Begin PBXFileReference section */
		643305391E5E644C00F21708 /* WiFi Password Database.app */ = {isa = PBXFileReference; explicitFileType = wrapper.application; includeInIndex = 0; path = "WiFi Password Database.app"; sourceTree = BUILT_PRODUCTS_DIR; };
		6433053C1E5E644C00F21708 /* AppDelegate.swift */ = {isa = PBXFileReference; lastKnownFileType = sourcecode.swift; path = AppDelegate.swift; sourceTree = "<group>"; };
		6433053E1E5E644C00F21708 /* ViewController.swift */ = {isa = PBXFileReference; lastKnownFileType = sourcecode.swift; path = ViewController.swift; sourceTree = "<group>"; };
		643305411E5E644C00F21708 /* Base */ = {isa = PBXFileReference; lastKnownFileType = file.storyboard; name = Base; path = Base.lproj/Main.storyboard; sourceTree = "<group>"; };
		643305431E5E644C00F21708 /* Assets.xcassets */ = {isa = PBXFileReference; lastKnownFileType = folder.assetcatalog; path = Assets.xcassets; sourceTree = "<group>"; };
		643305461E5E644C00F21708 /* Base */ = {isa = PBXFileReference; lastKnownFileType = file.storyboard; name = Base; path = Base.lproj/LaunchScreen.storyboard; sourceTree = "<group>"; };
		643305481E5E644C00F21708 /* Info.plist */ = {isa = PBXFileReference; lastKnownFileType = text.plist.xml; path = Info.plist; sourceTree = "<group>"; };
		64567AC01E930FD5005956E1 /* User.swift */ = {isa = PBXFileReference; fileEncoding = 4; lastKnownFileType = sourcecode.swift; path = User.swift; sourceTree = "<group>"; };
		64567AC21E93113C005956E1 /* Database.swift */ = {isa = PBXFileReference; fileEncoding = 4; lastKnownFileType = sourcecode.swift; path = Database.swift; sourceTree = "<group>"; };
		828D6131EFF7DE40B48511DD /* Pods_WiFi_Password_Database.framework */ = {isa = PBXFileReference; explicitFileType = wrapper.framework; includeInIndex = 0; path = Pods_WiFi_Password_Database.framework; sourceTree = BUILT_PRODUCTS_DIR; };
		DD65475CBFE3F83C070D0BD9 /* Pods-WiFi Password Database.debug.xcconfig */ = {isa = PBXFileReference; includeInIndex = 1; lastKnownFileType = text.xcconfig; name = "Pods-WiFi Password Database.debug.xcconfig"; path = "Pods/Target Support Files/Pods-WiFi Password Database/Pods-WiFi Password Database.debug.xcconfig"; sourceTree = "<group>"; };
		F7B55AA78D56050FB3B96682 /* Pods-WiFi Password Database.release.xcconfig */ = {isa = PBXFileReference; includeInIndex = 1; lastKnownFileType = text.xcconfig; name = "Pods-WiFi Password Database.release.xcconfig"; path = "Pods/Target Support Files/Pods-WiFi Password Database/Pods-WiFi Password Database.release.xcconfig"; sourceTree = "<group>"; };
/* End PBXFileReference section */

/* Begin PBXFrameworksBuildPhase section */
		643305361E5E644C00F21708 /* Frameworks */ = {
			isa = PBXFrameworksBuildPhase;
			buildActionMask = 2147483647;
			files = (
				E3D5D841835FCA73E7E76E52 /* Pods_WiFi_Password_Database.framework in Frameworks */,
			);
			runOnlyForDeploymentPostprocessing = 0;
		};
/* End PBXFrameworksBuildPhase section */

/* Begin PBXGroup section */
		1A5D89EEE4A8D174EBBCF0A5 /* Frameworks */ = {
			isa = PBXGroup;
			children = (
				828D6131EFF7DE40B48511DD /* Pods_WiFi_Password_Database.framework */,
			);
			name = Frameworks;
			sourceTree = "<group>";
		};
		643305301E5E644C00F21708 = {
			isa = PBXGroup;
			children = (
				6433053B1E5E644C00F21708 /* WiFi Password Database */,
				6433053A1E5E644C00F21708 /* Products */,
				91C08F13746BEA493CFD7720 /* Pods */,
				1A5D89EEE4A8D174EBBCF0A5 /* Frameworks */,
			);
			sourceTree = "<group>";
		};
		6433053A1E5E644C00F21708 /* Products */ = {
			isa = PBXGroup;
			children = (
				643305391E5E644C00F21708 /* WiFi Password Database.app */,
			);
			name = Products;
			sourceTree = "<group>";
		};
		6433053B1E5E644C00F21708 /* WiFi Password Database */ = {
			isa = PBXGroup;
			children = (
				6433053C1E5E644C00F21708 /* AppDelegate.swift */,
				6433053E1E5E644C00F21708 /* ViewController.swift */,
				643305401E5E644C00F21708 /* Main.storyboard */,
				643305431E5E644C00F21708 /* Assets.xcassets */,
				643305451E5E644C00F21708 /* LaunchScreen.storyboard */,
				643305481E5E644C00F21708 /* Info.plist */,
				64567AC01E930FD5005956E1 /* User.swift */,
				64567AC21E93113C005956E1 /* Database.swift */,
			);
			path = "WiFi Password Database";
			sourceTree = "<group>";
		};
		91C08F13746BEA493CFD7720 /* Pods */ = {
			isa = PBXGroup;
			children = (
				DD65475CBFE3F83C070D0BD9 /* Pods-WiFi Password Database.debug.xcconfig */,
				F7B55AA78D56050FB3B96682 /* Pods-WiFi Password Database.release.xcconfig */,
			);
			name = Pods;
			sourceTree = "<group>";
		};
/* End PBXGroup section */

/* Begin PBXNativeTarget section */
		643305381E5E644C00F21708 /* WiFi Password Database */ = {
			isa = PBXNativeTarget;
			buildConfigurationList = 6433054B1E5E644C00F21708 /* Build configuration list for PBXNativeTarget "WiFi Password Database" */;
			buildPhases = (
				D56EA8F8FFC9E27DE36395BA /* [CP] Check Pods Manifest.lock */,
				643305351E5E644C00F21708 /* Sources */,
				643305361E5E644C00F21708 /* Frameworks */,
				643305371E5E644C00F21708 /* Resources */,
				05AE9199A5CF4653E38654EE /* [CP] Embed Pods Frameworks */,
				686D524EADAC71BAE484B903 /* [CP] Copy Pods Resources */,
			);
			buildRules = (
			);
			dependencies = (
			);
			name = "WiFi Password Database";
			productName = "WiFi Password Database";
			productReference = 643305391E5E644C00F21708 /* WiFi Password Database.app */;
			productType = "com.apple.product-type.application";
		};
/* End PBXNativeTarget section */

/* Begin PBXProject section */
		643305311E5E644C00F21708 /* Project object */ = {
			isa = PBXProject;
			attributes = {
				LastSwiftUpdateCheck = 0820;
				LastUpgradeCheck = 0820;
				ORGANIZATIONNAME = "ApexTech Solutions";
				TargetAttributes = {
					643305381E5E644C00F21708 = {
						CreatedOnToolsVersion = 8.2.1;
						DevelopmentTeam = B6NEK6D7L4;
						ProvisioningStyle = Automatic;
					};
				};
			};
			buildConfigurationList = 643305341E5E644C00F21708 /* Build configuration list for PBXProject "WiFi Password Database" */;
			compatibilityVersion = "Xcode 3.2";
			developmentRegion = English;
			hasScannedForEncodings = 0;
			knownRegions = (
				en,
				Base,
			);
			mainGroup = 643305301E5E644C00F21708;
			productRefGroup = 6433053A1E5E644C00F21708 /* Products */;
			projectDirPath = "";
			projectRoot = "";
			targets = (
				643305381E5E644C00F21708 /* WiFi Password Database */,
			);
		};
/* End PBXProject section */

/* Begin PBXResourcesBuildPhase section */
		643305371E5E644C00F21708 /* Resources */ = {
			isa = PBXResourcesBuildPhase;
			buildActionMask = 2147483647;
			files = (
				643305471E5E644C00F21708 /* LaunchScreen.storyboard in Resources */,
				643305441E5E644C00F21708 /* Assets.xcassets in Resources */,
				643305421E5E644C00F21708 /* Main.storyboard in Resources */,
			);
			runOnlyForDeploymentPostprocessing = 0;
		};
/* End PBXResourcesBuildPhase section */

/* Begin PBXShellScriptBuildPhase section */
		05AE9199A5CF4653E38654EE /* [CP] Embed Pods Frameworks */ = {
			isa = PBXShellScriptBuildPhase;
			buildActionMask = 2147483647;
			files = (
			);
			inputPaths = (
			);
			name = "[CP] Embed Pods Frameworks";
			outputPaths = (
			);
			runOnlyForDeploymentPostprocessing = 0;
			shellPath = /bin/sh;
			shellScript = "\"${SRCROOT}/Pods/Target Support Files/Pods-WiFi Password Database/Pods-WiFi Password Database-frameworks.sh\"\n";
			showEnvVarsInLog = 0;
		};
		686D524EADAC71BAE484B903 /* [CP] Copy Pods Resources */ = {
			isa = PBXShellScriptBuildPhase;
			buildActionMask = 2147483647;
			files = (
			);
			inputPaths = (
			);
			name = "[CP] Copy Pods Resources";
			outputPaths = (
			);
			runOnlyForDeploymentPostprocessing = 0;
			shellPath = /bin/sh;
			shellScript = "\"${SRCROOT}/Pods/Target Support Files/Pods-WiFi Password Database/Pods-WiFi Password Database-resources.sh\"\n";
			showEnvVarsInLog = 0;
		};
		D56EA8F8FFC9E27DE36395BA /* [CP] Check Pods Manifest.lock */ = {
			isa = PBXShellScriptBuildPhase;
			buildActionMask = 2147483647;
			files = (
			);
			inputPaths = (
			);
			name = "[CP] Check Pods Manifest.lock";
			outputPaths = (
			);
			runOnlyForDeploymentPostprocessing = 0;
			shellPath = /bin/sh;
			shellScript = "diff \"${PODS_ROOT}/../Podfile.lock\" \"${PODS_ROOT}/Manifest.lock\" > /dev/null\nif [ $? != 0 ] ; then\n    # print error to STDERR\n    echo \"error: The sandbox is not in sync with the Podfile.lock. Run 'pod install' or update your CocoaPods installation.\" >&2\n    exit 1\nfi\n";
			showEnvVarsInLog = 0;
		};
/* End PBXShellScriptBuildPhase section */

/* Begin PBXSourcesBuildPhase section */
		643305351E5E644C00F21708 /* Sources */ = {
			isa = PBXSourcesBuildPhase;
			buildActionMask = 2147483647;
			files = (
				6433053F1E5E644C00F21708 /* ViewController.swift in Sources */,
				6433053D1E5E644C00F21708 /* AppDelegate.swift in Sources */,
				64567AC31E93113C005956E1 /* Database.swift in Sources */,
				64567AC11E930FD5005956E1 /* User.swift in Sources */,
			);
			runOnlyForDeploymentPostprocessing = 0;
		};
/* End PBXSourcesBuildPhase section */

/* Begin PBXVariantGroup section */
		643305401E5E644C00F21708 /* Main.storyboard */ = {
			isa = PBXVariantGroup;
			children = (
				643305411E5E644C00F21708 /* Base */,
			);
			name = Main.storyboard;
			sourceTree = "<group>";
		};
		643305451E5E644C00F21708 /* LaunchScreen.storyboard */ = {
			isa = PBXVariantGroup;
			children = (
				643305461E5E644C00F21708 /* Base */,
			);
			name = LaunchScreen.storyboard;
			sourceTree = "<group>";
		};
/* End PBXVariantGroup section */

/* Begin XCBuildConfiguration section */
		643305491E5E644C00F21708 /* Debug */ = {
			isa = XCBuildConfiguration;
			buildSettings = {
				ALWAYS_SEARCH_USER_PATHS = NO;
				CLANG_ANALYZER_NONNULL = YES;
				CLANG_CXX_LANGUAGE_STANDARD = "gnu++0x";
				CLANG_CXX_LIBRARY = "libc++";
				CLANG_ENABLE_MODULES = YES;
				CLANG_ENABLE_OBJC_ARC = YES;
				CLANG_WARN_BOOL_CONVERSION = YES;
				CLANG_WARN_CONSTANT_CONVERSION = YES;
				CLANG_WARN_DIRECT_OBJC_ISA_USAGE = YES_ERROR;
				CLANG_WARN_DOCUMENTATION_COMMENTS = YES;
				CLANG_WARN_EMPTY_BODY = YES;
				CLANG_WARN_ENUM_CONVERSION = YES;
				CLANG_WARN_INFINITE_RECURSION = YES;
				CLANG_WARN_INT_CONVERSION = YES;
				CLANG_WARN_OBJC_ROOT_CLASS = YES_ERROR;
				CLANG_WARN_SUSPICIOUS_MOVE = YES;
				CLANG_WARN_UNREACHABLE_CODE = YES;
				CLANG_WARN__DUPLICATE_METHOD_MATCH = YES;
				"CODE_SIGN_IDENTITY[sdk=iphoneos*]" = "iPhone Developer";
				COPY_PHASE_STRIP = NO;
				DEBUG_INFORMATION_FORMAT = dwarf;
				ENABLE_STRICT_OBJC_MSGSEND = YES;
				ENABLE_TESTABILITY = YES;
				GCC_C_LANGUAGE_STANDARD = gnu99;
				GCC_DYNAMIC_NO_PIC = NO;
				GCC_NO_COMMON_BLOCKS = YES;
				GCC_OPTIMIZATION_LEVEL = 0;
				GCC_PREPROCESSOR_DEFINITIONS = (
					"DEBUG=1",
					"$(inherited)",
				);
				GCC_WARN_64_TO_32_BIT_CONVERSION = YES;
				GCC_WARN_ABOUT_RETURN_TYPE = YES_ERROR;
				GCC_WARN_UNDECLARED_SELECTOR = YES;
				GCC_WARN_UNINITIALIZED_AUTOS = YES_AGGRESSIVE;
				GCC_WARN_UNUSED_FUNCTION = YES;
				GCC_WARN_UNUSED_VARIABLE = YES;
				IPHONEOS_DEPLOYMENT_TARGET = 10.2;
				MTL_ENABLE_DEBUG_INFO = YES;
				ONLY_ACTIVE_ARCH = YES;
				SDKROOT = iphoneos;
				SWIFT_ACTIVE_COMPILATION_CONDITIONS = DEBUG;
				SWIFT_OPTIMIZATION_LEVEL = "-Onone";
			};
			name = Debug;
		};
		6433054A1E5E644C00F21708 /* Release */ = {
			isa = XCBuildConfiguration;
			buildSettings = {
				ALWAYS_SEARCH_USER_PATHS = NO;
				CLANG_ANALYZER_NONNULL = YES;
				CLANG_CXX_LANGUAGE_STANDARD = "gnu++0x";
				CLANG_CXX_LIBRARY = "libc++";
				CLANG_ENABLE_MODULES = YES;
				CLANG_ENABLE_OBJC_ARC = YES;
				CLANG_WARN_BOOL_CONVERSION = YES;
				CLANG_WARN_CONSTANT_CONVERSION = YES;
				CLANG_WARN_DIRECT_OBJC_ISA_USAGE = YES_ERROR;
				CLANG_WARN_DOCUMENTATION_COMMENTS = YES;
				CLANG_WARN_EMPTY_BODY = YES;
				CLANG_WARN_ENUM_CONVERSION = YES;
				CLANG_WARN_INFINITE_RECURSION = YES;
				CLANG_WARN_INT_CONVERSION = YES;
				CLANG_WARN_OBJC_ROOT_CLASS = YES_ERROR;
				CLANG_WARN_SUSPICIOUS_MOVE = YES;
				CLANG_WARN_UNREACHABLE_CODE = YES;
				CLANG_WARN__DUPLICATE_METHOD_MATCH = YES;
				"CODE_SIGN_IDENTITY[sdk=iphoneos*]" = "iPhone Developer";
				COPY_PHASE_STRIP = NO;
				DEBUG_INFORMATION_FORMAT = "dwarf-with-dsym";
				ENABLE_NS_ASSERTIONS = NO;
				ENABLE_STRICT_OBJC_MSGSEND = YES;
				GCC_C_LANGUAGE_STANDARD = gnu99;
				GCC_NO_COMMON_BLOCKS = YES;
				GCC_WARN_64_TO_32_BIT_CONVERSION = YES;
				GCC_WARN_ABOUT_RETURN_TYPE = YES_ERROR;
				GCC_WARN_UNDECLARED_SELECTOR = YES;
				GCC_WARN_UNINITIALIZED_AUTOS = YES_AGGRESSIVE;
				GCC_WARN_UNUSED_FUNCTION = YES;
				GCC_WARN_UNUSED_VARIABLE = YES;
				IPHONEOS_DEPLOYMENT_TARGET = 10.2;
				MTL_ENABLE_DEBUG_INFO = NO;
				SDKROOT = iphoneos;
				SWIFT_OPTIMIZATION_LEVEL = "-Owholemodule";
				VALIDATE_PRODUCT = YES;
			};
			name = Release;
		};
		6433054C1E5E644C00F21708 /* Debug */ = {
			isa = XCBuildConfiguration;
			baseConfigurationReference = DD65475CBFE3F83C070D0BD9 /* Pods-WiFi Password Database.debug.xcconfig */;
			buildSettings = {
				ASSETCATALOG_COMPILER_APPICON_NAME = AppIcon;
				DEVELOPMENT_TEAM = B6NEK6D7L4;
				INFOPLIST_FILE = "WiFi Password Database/Info.plist";
				IPHONEOS_DEPLOYMENT_TARGET = 9.0;
				LD_RUNPATH_SEARCH_PATHS = "$(inherited) @executable_path/Frameworks";
				PRODUCT_BUNDLE_IDENTIFIER = "tk.solutions-apex.WiFi-Password-Database";
				PRODUCT_NAME = "$(TARGET_NAME)";
				SWIFT_VERSION = 3.0;
			};
			name = Debug;
		};
		6433054D1E5E644C00F21708 /* Release */ = {
			isa = XCBuildConfiguration;
			baseConfigurationReference = F7B55AA78D56050FB3B96682 /* Pods-WiFi Password Database.release.xcconfig */;
			buildSettings = {
				ASSETCATALOG_COMPILER_APPICON_NAME = AppIcon;
				DEVELOPMENT_TEAM = B6NEK6D7L4;
				INFOPLIST_FILE = "WiFi Password Database/Info.plist";
				IPHONEOS_DEPLOYMENT_TARGET = 9.0;
				LD_RUNPATH_SEARCH_PATHS = "$(inherited) @executable_path/Frameworks";
				PRODUCT_BUNDLE_IDENTIFIER = "tk.solutions-apex.WiFi-Password-Database";
				PRODUCT_NAME = "$(TARGET_NAME)";
				SWIFT_VERSION = 3.0;
			};
			name = Release;
		};
/* End XCBuildConfiguration section */

/* Begin XCConfigurationList section */
		643305341E5E644C00F21708 /* Build configuration list for PBXProject "WiFi Password Database" */ = {
			isa = XCConfigurationList;
			buildConfigurations = (
				643305491E5E644C00F21708 /* Debug */,
				6433054A1E5E644C00F21708 /* Release */,
			);
			defaultConfigurationIsVisible = 0;
			defaultConfigurationName = Release;
		};
		6433054B1E5E644C00F21708 /* Build configuration list for PBXNativeTarget "WiFi Password Database" */ = {
			isa = XCConfigurationList;
			buildConfigurations = (
				6433054C1E5E644C00F21708 /* Debug */,
				6433054D1E5E644C00F21708 /* Release */,
			);
			defaultConfigurationIsVisible = 0;
			defaultConfigurationName = Release;
		};
/* End XCConfigurationList section */
	};
	rootObject = 643305311E5E644C00F21708 /* Project object */;
}
